
Microsoft Visual Studio Solution File, Format Version 12.00
# Visual Studio Version 17
VisualStudioVersion = 17.3.32825.248
MinimumVisualStudioVersion = 10.0.40219.1
Project("{9A19103F-16F7-4668-BE54-9A1E7A4F7556}") = "Rehub_API", "Rehub_API\Rehub_API.csproj", "{B008E7B8-5BC5-4826-8DC6-A4A2B400F7A7}"
EndProject
Project("{FAE04EC0-301F-11D3-BF4B-00C04F79EFBC}") = "Rehub.Models", "Rehub.Models\Rehub.Models.csproj", "{F4E95D12-51FD-4B80-B67A-611287C9C7B8}"
EndProject
Project("{FAE04EC0-301F-11D3-BF4B-00C04F79EFBC}") = "Rehub.DataAccess", "Rehub.DataAccess\Rehub.DataAccess.csproj", "{388D6B0F-BDDC-43B6-BCA4-BC3671690FBE}"
EndProject
Project("{FAE04EC0-301F-11D3-BF4B-00C04F79EFBC}") = "Rehub.Utility", "Rehub.Utility\Rehub.Utility.csproj", "{E6901F82-9C72-445A-9D66-412826801CB1}"
EndProject
Global
	GlobalSection(SolutionConfigurationPlatforms) = preSolution
		Debug|Any CPU = Debug|Any CPU
		Release|Any CPU = Release|Any CPU
	EndGlobalSection
	GlobalSection(ProjectConfigurationPlatforms) = postSolution
		{B008E7B8-5BC5-4826-8DC6-A4A2B400F7A7}.Debug|Any CPU.ActiveCfg = Debug|Any CPU
		{B008E7B8-5BC5-4826-8DC6-A4A2B400F7A7}.Debug|Any CPU.Build.0 = Debug|Any CPU
		{B008E7B8-5BC5-4826-8DC6-A4A2B400F7A7}.Release|Any CPU.ActiveCfg = Release|Any CPU
		{B008E7B8-5BC5-4826-8DC6-A4A2B400F7A7}.Release|Any CPU.Build.0 = Release|Any CPU
		{F4E95D12-51FD-4B80-B67A-611287C9C7B8}.Debug|Any CPU.ActiveCfg = Debug|Any CPU
		{F4E95D12-51FD-4B80-B67A-611287C9C7B8}.Debug|Any CPU.Build.0 = Debug|Any CPU
		{F4E95D12-51FD-4B80-B67A-611287C9C7B8}.Release|Any CPU.ActiveCfg = Release|Any CPU
		{F4E95D12-51FD-4B80-B67A-611287C9C7B8}.Release|Any CPU.Build.0 = Release|Any CPU
		{388D6B0F-BDDC-43B6-BCA4-BC3671690FBE}.Debug|Any CPU.ActiveCfg = Debug|Any CPU
		{388D6B0F-BDDC-43B6-BCA4-BC3671690FBE}.Debug|Any CPU.Build.0 = Debug|Any CPU
		{388D6B0F-BDDC-43B6-BCA4-BC3671690FBE}.Release|Any CPU.ActiveCfg = Release|Any CPU
		{388D6B0F-BDDC-43B6-BCA4-BC3671690FBE}.Release|Any CPU.Build.0 = Release|Any CPU
		{E6901F82-9C72-445A-9D66-412826801CB1}.Debug|Any CPU.ActiveCfg = Debug|Any CPU
		{E6901F82-9C72-445A-9D66-412826801CB1}.Debug|Any CPU.Build.0 = Debug|Any CPU
		{E6901F82-9C72-445A-9D66-412826801CB1}.Release|Any CPU.ActiveCfg = Release|Any CPU
		{E6901F82-9C72-445A-9D66-412826801CB1}.Release|Any CPU.Build.0 = Release|Any CPU
	EndGlobalSection
	GlobalSection(SolutionProperties) = preSolution
		HideSolutionNode = FALSE
	EndGlobalSection
	GlobalSection(ExtensibilityGlobals) = postSolution
		SolutionGuid = {063B9E27-7A53-43D9-8A4E-F49D91CEDC3C}
	EndGlobalSection
EndGlobal
